
Microsoft Visual Studio Solution File, Format Version 12.00
# Visual Studio Version 17
VisualStudioVersion = 17.13.35806.99 d17.13
MinimumVisualStudioVersion = 10.0.40219.1
Project("{FAE04EC0-301F-11D3-BF4B-00C04F79EFBC}") = "AutentikaatioJaAutorisaatio", "AutentikaatioJaAutorisaatio.csproj", "{B4BD4554-FBF4-4E66-9557-C92F3E640BAE}"
EndProject
Global
	GlobalSection(SolutionConfigurationPlatforms) = preSolution
		Debug|Any CPU = Debug|Any CPU
		Release|Any CPU = Release|Any CPU
	EndGlobalSection
	GlobalSection(ProjectConfigurationPlatforms) = postSolution
		{B4BD4554-FBF4-4E66-9557-C92F3E640BAE}.Debug|Any CPU.ActiveCfg = Debug|Any CPU
		{B4BD4554-FBF4-4E66-9557-C92F3E640BAE}.Debug|Any CPU.Build.0 = Debug|Any CPU
		{B4BD4554-FBF4-4E66-9557-C92F3E640BAE}.Release|Any CPU.ActiveCfg = Release|Any CPU
		{B4BD4554-FBF4-4E66-9557-C92F3E640BAE}.Release|Any CPU.Build.0 = Release|Any CPU
	EndGlobalSection
	GlobalSection(SolutionProperties) = preSolution
		HideSolutionNode = FALSE
	EndGlobalSection
	GlobalSection(ExtensibilityGlobals) = postSolution
		SolutionGuid = {2FC4809D-E94A-43FD-8479-8C27E83E3BDC}
	EndGlobalSection
EndGlobal
